// !$*UTF8*$!
{
	archiveVersion = 1;
	classes = {
	};
	objectVersion = 50;
	objects = {

/* Begin PBXBuildFile section */
		91F951B526DFF56C00DC26C6 /* AccessibilityStrategyTestAppApp.swift in Sources */ = {isa = PBXBuildFile; fileRef = 91F951B426DFF56C00DC26C6 /* AccessibilityStrategyTestAppApp.swift */; };
		91F951B726DFF56C00DC26C6 /* UITestsView.swift in Sources */ = {isa = PBXBuildFile; fileRef = 91F951B626DFF56C00DC26C6 /* UITestsView.swift */; };
		91F951B926DFF56D00DC26C6 /* Assets.xcassets in Resources */ = {isa = PBXBuildFile; fileRef = 91F951B826DFF56D00DC26C6 /* Assets.xcassets */; };
		91F951BC26DFF56D00DC26C6 /* Preview Assets.xcassets in Resources */ = {isa = PBXBuildFile; fileRef = 91F951BB26DFF56D00DC26C6 /* Preview Assets.xcassets */; };
		91F951C826DFF56D00DC26C6 /* AccessibilityStrategyTestAppTests.swift in Sources */ = {isa = PBXBuildFile; fileRef = 91F951C726DFF56D00DC26C6 /* AccessibilityStrategyTestAppTests.swift */; };
		91F951D326DFF56D00DC26C6 /* AccessibilityStrategyTestAppUITests.swift in Sources */ = {isa = PBXBuildFile; fileRef = 91F951D226DFF56D00DC26C6 /* AccessibilityStrategyTestAppUITests.swift */; };
/* End PBXBuildFile section */

/* Begin PBXContainerItemProxy section */
		91F951C426DFF56D00DC26C6 /* PBXContainerItemProxy */ = {
			isa = PBXContainerItemProxy;
			containerPortal = 91F951A926DFF56C00DC26C6 /* Project object */;
			proxyType = 1;
			remoteGlobalIDString = 91F951B026DFF56C00DC26C6;
			remoteInfo = AccessibilityStrategyTestApp;
		};
		91F951CF26DFF56D00DC26C6 /* PBXContainerItemProxy */ = {
			isa = PBXContainerItemProxy;
			containerPortal = 91F951A926DFF56C00DC26C6 /* Project object */;
			proxyType = 1;
			remoteGlobalIDString = 91F951B026DFF56C00DC26C6;
			remoteInfo = AccessibilityStrategyTestApp;
		};
/* End PBXContainerItemProxy section */

/* Begin PBXFileReference section */
		91F951B126DFF56C00DC26C6 /* AccessibilityStrategyTestApp.app */ = {isa = PBXFileReference; explicitFileType = wrapper.application; includeInIndex = 0; path = AccessibilityStrategyTestApp.app; sourceTree = BUILT_PRODUCTS_DIR; };
		91F951B426DFF56C00DC26C6 /* AccessibilityStrategyTestAppApp.swift */ = {isa = PBXFileReference; lastKnownFileType = sourcecode.swift; path = AccessibilityStrategyTestAppApp.swift; sourceTree = "<group>"; };
		91F951B626DFF56C00DC26C6 /* UITestsView.swift */ = {isa = PBXFileReference; lastKnownFileType = sourcecode.swift; path = UITestsView.swift; sourceTree = "<group>"; };
		91F951B826DFF56D00DC26C6 /* Assets.xcassets */ = {isa = PBXFileReference; lastKnownFileType = folder.assetcatalog; path = Assets.xcassets; sourceTree = "<group>"; };
		91F951BB26DFF56D00DC26C6 /* Preview Assets.xcassets */ = {isa = PBXFileReference; lastKnownFileType = folder.assetcatalog; path = "Preview Assets.xcassets"; sourceTree = "<group>"; };
		91F951BD26DFF56D00DC26C6 /* Info.plist */ = {isa = PBXFileReference; lastKnownFileType = text.plist.xml; path = Info.plist; sourceTree = "<group>"; };
		91F951BE26DFF56D00DC26C6 /* AccessibilityStrategyTestApp.entitlements */ = {isa = PBXFileReference; lastKnownFileType = text.plist.entitlements; path = AccessibilityStrategyTestApp.entitlements; sourceTree = "<group>"; };
		91F951C326DFF56D00DC26C6 /* AccessibilityStrategyTestAppTests.xctest */ = {isa = PBXFileReference; explicitFileType = wrapper.cfbundle; includeInIndex = 0; path = AccessibilityStrategyTestAppTests.xctest; sourceTree = BUILT_PRODUCTS_DIR; };
		91F951C726DFF56D00DC26C6 /* AccessibilityStrategyTestAppTests.swift */ = {isa = PBXFileReference; lastKnownFileType = sourcecode.swift; path = AccessibilityStrategyTestAppTests.swift; sourceTree = "<group>"; };
		91F951C926DFF56D00DC26C6 /* Info.plist */ = {isa = PBXFileReference; lastKnownFileType = text.plist.xml; path = Info.plist; sourceTree = "<group>"; };
		91F951CE26DFF56D00DC26C6 /* AccessibilityStrategyTestAppUITests.xctest */ = {isa = PBXFileReference; explicitFileType = wrapper.cfbundle; includeInIndex = 0; path = AccessibilityStrategyTestAppUITests.xctest; sourceTree = BUILT_PRODUCTS_DIR; };
		91F951D226DFF56D00DC26C6 /* AccessibilityStrategyTestAppUITests.swift */ = {isa = PBXFileReference; lastKnownFileType = sourcecode.swift; path = AccessibilityStrategyTestAppUITests.swift; sourceTree = "<group>"; };
		91F951D426DFF56D00DC26C6 /* Info.plist */ = {isa = PBXFileReference; lastKnownFileType = text.plist.xml; path = Info.plist; sourceTree = "<group>"; };
/* End PBXFileReference section */

/* Begin PBXFrameworksBuildPhase section */
		91F951AE26DFF56C00DC26C6 /* Frameworks */ = {
			isa = PBXFrameworksBuildPhase;
			buildActionMask = 2147483647;
			files = (
			);
			runOnlyForDeploymentPostprocessing = 0;
		};
		91F951C026DFF56D00DC26C6 /* Frameworks */ = {
			isa = PBXFrameworksBuildPhase;
			buildActionMask = 2147483647;
			files = (
			);
			runOnlyForDeploymentPostprocessing = 0;
		};
		91F951CB26DFF56D00DC26C6 /* Frameworks */ = {
			isa = PBXFrameworksBuildPhase;
			buildActionMask = 2147483647;
			files = (
			);
			runOnlyForDeploymentPostprocessing = 0;
		};
/* End PBXFrameworksBuildPhase section */

/* Begin PBXGroup section */
		91F951A826DFF56C00DC26C6 = {
			isa = PBXGroup;
			children = (
				91F951B326DFF56C00DC26C6 /* AccessibilityStrategyTestApp */,
				91F951C626DFF56D00DC26C6 /* AccessibilityStrategyTestAppTests */,
				91F951D126DFF56D00DC26C6 /* AccessibilityStrategyTestAppUITests */,
				91F951B226DFF56C00DC26C6 /* Products */,
			);
			sourceTree = "<group>";
		};
		91F951B226DFF56C00DC26C6 /* Products */ = {
			isa = PBXGroup;
			children = (
				91F951B126DFF56C00DC26C6 /* AccessibilityStrategyTestApp.app */,
				91F951C326DFF56D00DC26C6 /* AccessibilityStrategyTestAppTests.xctest */,
				91F951CE26DFF56D00DC26C6 /* AccessibilityStrategyTestAppUITests.xctest */,
			);
			name = Products;
			sourceTree = "<group>";
		};
		91F951B326DFF56C00DC26C6 /* AccessibilityStrategyTestApp */ = {
			isa = PBXGroup;
			children = (
				91F951B426DFF56C00DC26C6 /* AccessibilityStrategyTestAppApp.swift */,
				91F951B626DFF56C00DC26C6 /* UITestsView.swift */,
				91F951B826DFF56D00DC26C6 /* Assets.xcassets */,
				91F951BD26DFF56D00DC26C6 /* Info.plist */,
				91F951BE26DFF56D00DC26C6 /* AccessibilityStrategyTestApp.entitlements */,
				91F951BA26DFF56D00DC26C6 /* Preview Content */,
			);
			path = AccessibilityStrategyTestApp;
			sourceTree = "<group>";
		};
		91F951BA26DFF56D00DC26C6 /* Preview Content */ = {
			isa = PBXGroup;
			children = (
				91F951BB26DFF56D00DC26C6 /* Preview Assets.xcassets */,
			);
			path = "Preview Content";
			sourceTree = "<group>";
		};
		91F951C626DFF56D00DC26C6 /* AccessibilityStrategyTestAppTests */ = {
			isa = PBXGroup;
			children = (
				91F951C726DFF56D00DC26C6 /* AccessibilityStrategyTestAppTests.swift */,
				91F951C926DFF56D00DC26C6 /* Info.plist */,
			);
			path = AccessibilityStrategyTestAppTests;
			sourceTree = "<group>";
		};
		91F951D126DFF56D00DC26C6 /* AccessibilityStrategyTestAppUITests */ = {
			isa = PBXGroup;
			children = (
				91F951D226DFF56D00DC26C6 /* AccessibilityStrategyTestAppUITests.swift */,
				91F951D426DFF56D00DC26C6 /* Info.plist */,
			);
			path = AccessibilityStrategyTestAppUITests;
			sourceTree = "<group>";
		};
/* End PBXGroup section */

/* Begin PBXNativeTarget section */
		91F951B026DFF56C00DC26C6 /* AccessibilityStrategyTestApp */ = {
			isa = PBXNativeTarget;
			buildConfigurationList = 91F951D726DFF56D00DC26C6 /* Build configuration list for PBXNativeTarget "AccessibilityStrategyTestApp" */;
			buildPhases = (
				91F951AD26DFF56C00DC26C6 /* Sources */,
				91F951AE26DFF56C00DC26C6 /* Frameworks */,
				91F951AF26DFF56C00DC26C6 /* Resources */,
			);
			buildRules = (
			);
			dependencies = (
			);
			name = AccessibilityStrategyTestApp;
			productName = AccessibilityStrategyTestApp;
			productReference = 91F951B126DFF56C00DC26C6 /* AccessibilityStrategyTestApp.app */;
			productType = "com.apple.product-type.application";
		};
		91F951C226DFF56D00DC26C6 /* AccessibilityStrategyTestAppTests */ = {
			isa = PBXNativeTarget;
			buildConfigurationList = 91F951DA26DFF56D00DC26C6 /* Build configuration list for PBXNativeTarget "AccessibilityStrategyTestAppTests" */;
			buildPhases = (
				91F951BF26DFF56D00DC26C6 /* Sources */,
				91F951C026DFF56D00DC26C6 /* Frameworks */,
				91F951C126DFF56D00DC26C6 /* Resources */,
			);
			buildRules = (
			);
			dependencies = (
				91F951C526DFF56D00DC26C6 /* PBXTargetDependency */,
			);
			name = AccessibilityStrategyTestAppTests;
			productName = AccessibilityStrategyTestAppTests;
			productReference = 91F951C326DFF56D00DC26C6 /* AccessibilityStrategyTestAppTests.xctest */;
			productType = "com.apple.product-type.bundle.unit-test";
		};
		91F951CD26DFF56D00DC26C6 /* AccessibilityStrategyTestAppUITests */ = {
			isa = PBXNativeTarget;
			buildConfigurationList = 91F951DD26DFF56D00DC26C6 /* Build configuration list for PBXNativeTarget "AccessibilityStrategyTestAppUITests" */;
			buildPhases = (
				91F951CA26DFF56D00DC26C6 /* Sources */,
				91F951CB26DFF56D00DC26C6 /* Frameworks */,
				91F951CC26DFF56D00DC26C6 /* Resources */,
			);
			buildRules = (
			);
			dependencies = (
				91F951D026DFF56D00DC26C6 /* PBXTargetDependency */,
			);
			name = AccessibilityStrategyTestAppUITests;
			productName = AccessibilityStrategyTestAppUITests;
			productReference = 91F951CE26DFF56D00DC26C6 /* AccessibilityStrategyTestAppUITests.xctest */;
			productType = "com.apple.product-type.bundle.ui-testing";
		};
/* End PBXNativeTarget section */

/* Begin PBXProject section */
		91F951A926DFF56C00DC26C6 /* Project object */ = {
			isa = PBXProject;
			attributes = {
				LastSwiftUpdateCheck = 1250;
				LastUpgradeCheck = 1250;
				TargetAttributes = {
					91F951B026DFF56C00DC26C6 = {
						CreatedOnToolsVersion = 12.5.1;
					};
					91F951C226DFF56D00DC26C6 = {
						CreatedOnToolsVersion = 12.5.1;
						TestTargetID = 91F951B026DFF56C00DC26C6;
					};
					91F951CD26DFF56D00DC26C6 = {
						CreatedOnToolsVersion = 12.5.1;
						TestTargetID = 91F951B026DFF56C00DC26C6;
					};
				};
			};
			buildConfigurationList = 91F951AC26DFF56C00DC26C6 /* Build configuration list for PBXProject "AccessibilityStrategyTestApp" */;
			compatibilityVersion = "Xcode 9.3";
			developmentRegion = en;
			hasScannedForEncodings = 0;
			knownRegions = (
				en,
				Base,
			);
			mainGroup = 91F951A826DFF56C00DC26C6;
			productRefGroup = 91F951B226DFF56C00DC26C6 /* Products */;
			projectDirPath = "";
			projectRoot = "";
			targets = (
				91F951B026DFF56C00DC26C6 /* AccessibilityStrategyTestApp */,
				91F951C226DFF56D00DC26C6 /* AccessibilityStrategyTestAppTests */,
				91F951CD26DFF56D00DC26C6 /* AccessibilityStrategyTestAppUITests */,
			);
		};
/* End PBXProject section */

/* Begin PBXResourcesBuildPhase section */
		91F951AF26DFF56C00DC26C6 /* Resources */ = {
			isa = PBXResourcesBuildPhase;
			buildActionMask = 2147483647;
			files = (
				91F951BC26DFF56D00DC26C6 /* Preview Assets.xcassets in Resources */,
				91F951B926DFF56D00DC26C6 /* Assets.xcassets in Resources */,
			);
			runOnlyForDeploymentPostprocessing = 0;
		};
		91F951C126DFF56D00DC26C6 /* Resources */ = {
			isa = PBXResourcesBuildPhase;
			buildActionMask = 2147483647;
			files = (
			);
			runOnlyForDeploymentPostprocessing = 0;
		};
		91F951CC26DFF56D00DC26C6 /* Resources */ = {
			isa = PBXResourcesBuildPhase;
			buildActionMask = 2147483647;
			files = (
			);
			runOnlyForDeploymentPostprocessing = 0;
		};
/* End PBXResourcesBuildPhase section */

/* Begin PBXSourcesBuildPhase section */
		91F951AD26DFF56C00DC26C6 /* Sources */ = {
			isa = PBXSourcesBuildPhase;
			buildActionMask = 2147483647;
			files = (
				91F951B726DFF56C00DC26C6 /* UITestsView.swift in Sources */,
				91F951B526DFF56C00DC26C6 /* AccessibilityStrategyTestAppApp.swift in Sources */,
			);
			runOnlyForDeploymentPostprocessing = 0;
		};
		91F951BF26DFF56D00DC26C6 /* Sources */ = {
			isa = PBXSourcesBuildPhase;
			buildActionMask = 2147483647;
			files = (
				91F951C826DFF56D00DC26C6 /* AccessibilityStrategyTestAppTests.swift in Sources */,
			);
			runOnlyForDeploymentPostprocessing = 0;
		};
		91F951CA26DFF56D00DC26C6 /* Sources */ = {
			isa = PBXSourcesBuildPhase;
			buildActionMask = 2147483647;
			files = (
				91F951D326DFF56D00DC26C6 /* AccessibilityStrategyTestAppUITests.swift in Sources */,
			);
			runOnlyForDeploymentPostprocessing = 0;
		};
/* End PBXSourcesBuildPhase section */

/* Begin PBXTargetDependency section */
		91F951C526DFF56D00DC26C6 /* PBXTargetDependency */ = {
			isa = PBXTargetDependency;
			target = 91F951B026DFF56C00DC26C6 /* AccessibilityStrategyTestApp */;
			targetProxy = 91F951C426DFF56D00DC26C6 /* PBXContainerItemProxy */;
		};
		91F951D026DFF56D00DC26C6 /* PBXTargetDependency */ = {
			isa = PBXTargetDependency;
			target = 91F951B026DFF56C00DC26C6 /* AccessibilityStrategyTestApp */;
			targetProxy = 91F951CF26DFF56D00DC26C6 /* PBXContainerItemProxy */;
		};
/* End PBXTargetDependency section */

/* Begin XCBuildConfiguration section */
		91F951D526DFF56D00DC26C6 /* Debug */ = {
			isa = XCBuildConfiguration;
			buildSettings = {
				ALWAYS_SEARCH_USER_PATHS = NO;
				CLANG_ANALYZER_NONNULL = YES;
				CLANG_ANALYZER_NUMBER_OBJECT_CONVERSION = YES_AGGRESSIVE;
				CLANG_CXX_LANGUAGE_STANDARD = "gnu++14";
				CLANG_CXX_LIBRARY = "libc++";
				CLANG_ENABLE_MODULES = YES;
				CLANG_ENABLE_OBJC_ARC = YES;
				CLANG_ENABLE_OBJC_WEAK = YES;
				CLANG_WARN_BLOCK_CAPTURE_AUTORELEASING = YES;
				CLANG_WARN_BOOL_CONVERSION = YES;
				CLANG_WARN_COMMA = YES;
				CLANG_WARN_CONSTANT_CONVERSION = YES;
				CLANG_WARN_DEPRECATED_OBJC_IMPLEMENTATIONS = YES;
				CLANG_WARN_DIRECT_OBJC_ISA_USAGE = YES_ERROR;
				CLANG_WARN_DOCUMENTATION_COMMENTS = YES;
				CLANG_WARN_EMPTY_BODY = YES;
				CLANG_WARN_ENUM_CONVERSION = YES;
				CLANG_WARN_INFINITE_RECURSION = YES;
				CLANG_WARN_INT_CONVERSION = YES;
				CLANG_WARN_NON_LITERAL_NULL_CONVERSION = YES;
				CLANG_WARN_OBJC_IMPLICIT_RETAIN_SELF = YES;
				CLANG_WARN_OBJC_LITERAL_CONVERSION = YES;
				CLANG_WARN_OBJC_ROOT_CLASS = YES_ERROR;
				CLANG_WARN_QUOTED_INCLUDE_IN_FRAMEWORK_HEADER = YES;
				CLANG_WARN_RANGE_LOOP_ANALYSIS = YES;
				CLANG_WARN_STRICT_PROTOTYPES = YES;
				CLANG_WARN_SUSPICIOUS_MOVE = YES;
				CLANG_WARN_UNGUARDED_AVAILABILITY = YES_AGGRESSIVE;
				CLANG_WARN_UNREACHABLE_CODE = YES;
				CLANG_WARN__DUPLICATE_METHOD_MATCH = YES;
				COPY_PHASE_STRIP = NO;
				DEBUG_INFORMATION_FORMAT = dwarf;
				ENABLE_STRICT_OBJC_MSGSEND = YES;
				ENABLE_TESTABILITY = YES;
				GCC_C_LANGUAGE_STANDARD = gnu11;
				GCC_DYNAMIC_NO_PIC = NO;
				GCC_NO_COMMON_BLOCKS = YES;
				GCC_OPTIMIZATION_LEVEL = 0;
				GCC_PREPROCESSOR_DEFINITIONS = (
					"DEBUG=1",
					"$(inherited)",
				);
				GCC_WARN_64_TO_32_BIT_CONVERSION = YES;
				GCC_WARN_ABOUT_RETURN_TYPE = YES_ERROR;
				GCC_WARN_UNDECLARED_SELECTOR = YES;
				GCC_WARN_UNINITIALIZED_AUTOS = YES_AGGRESSIVE;
				GCC_WARN_UNUSED_FUNCTION = YES;
				GCC_WARN_UNUSED_VARIABLE = YES;
				MACOSX_DEPLOYMENT_TARGET = 11.3;
				MTL_ENABLE_DEBUG_INFO = INCLUDE_SOURCE;
				MTL_FAST_MATH = YES;
				ONLY_ACTIVE_ARCH = YES;
				SDKROOT = macosx;
				SWIFT_ACTIVE_COMPILATION_CONDITIONS = DEBUG;
				SWIFT_OPTIMIZATION_LEVEL = "-Onone";
			};
			name = Debug;
		};
		91F951D626DFF56D00DC26C6 /* Release */ = {
			isa = XCBuildConfiguration;
			buildSettings = {
				ALWAYS_SEARCH_USER_PATHS = NO;
				CLANG_ANALYZER_NONNULL = YES;
				CLANG_ANALYZER_NUMBER_OBJECT_CONVERSION = YES_AGGRESSIVE;
				CLANG_CXX_LANGUAGE_STANDARD = "gnu++14";
				CLANG_CXX_LIBRARY = "libc++";
				CLANG_ENABLE_MODULES = YES;
				CLANG_ENABLE_OBJC_ARC = YES;
				CLANG_ENABLE_OBJC_WEAK = YES;
				CLANG_WARN_BLOCK_CAPTURE_AUTORELEASING = YES;
				CLANG_WARN_BOOL_CONVERSION = YES;
				CLANG_WARN_COMMA = YES;
				CLANG_WARN_CONSTANT_CONVERSION = YES;
				CLANG_WARN_DEPRECATED_OBJC_IMPLEMENTATIONS = YES;
				CLANG_WARN_DIRECT_OBJC_ISA_USAGE = YES_ERROR;
				CLANG_WARN_DOCUMENTATION_COMMENTS = YES;
				CLANG_WARN_EMPTY_BODY = YES;
				CLANG_WARN_ENUM_CONVERSION = YES;
				CLANG_WARN_INFINITE_RECURSION = YES;
				CLANG_WARN_INT_CONVERSION = YES;
				CLANG_WARN_NON_LITERAL_NULL_CONVERSION = YES;
				CLANG_WARN_OBJC_IMPLICIT_RETAIN_SELF = YES;
				CLANG_WARN_OBJC_LITERAL_CONVERSION = YES;
				CLANG_WARN_OBJC_ROOT_CLASS = YES_ERROR;
				CLANG_WARN_QUOTED_INCLUDE_IN_FRAMEWORK_HEADER = YES;
				CLANG_WARN_RANGE_LOOP_ANALYSIS = YES;
				CLANG_WARN_STRICT_PROTOTYPES = YES;
				CLANG_WARN_SUSPICIOUS_MOVE = YES;
				CLANG_WARN_UNGUARDED_AVAILABILITY = YES_AGGRESSIVE;
				CLANG_WARN_UNREACHABLE_CODE = YES;
				CLANG_WARN__DUPLICATE_METHOD_MATCH = YES;
				COPY_PHASE_STRIP = NO;
				DEBUG_INFORMATION_FORMAT = "dwarf-with-dsym";
				ENABLE_NS_ASSERTIONS = NO;
				ENABLE_STRICT_OBJC_MSGSEND = YES;
				GCC_C_LANGUAGE_STANDARD = gnu11;
				GCC_NO_COMMON_BLOCKS = YES;
				GCC_WARN_64_TO_32_BIT_CONVERSION = YES;
				GCC_WARN_ABOUT_RETURN_TYPE = YES_ERROR;
				GCC_WARN_UNDECLARED_SELECTOR = YES;
				GCC_WARN_UNINITIALIZED_AUTOS = YES_AGGRESSIVE;
				GCC_WARN_UNUSED_FUNCTION = YES;
				GCC_WARN_UNUSED_VARIABLE = YES;
				MACOSX_DEPLOYMENT_TARGET = 11.3;
				MTL_ENABLE_DEBUG_INFO = NO;
				MTL_FAST_MATH = YES;
				SDKROOT = macosx;
				SWIFT_COMPILATION_MODE = wholemodule;
				SWIFT_OPTIMIZATION_LEVEL = "-O";
			};
			name = Release;
		};
		91F951D826DFF56D00DC26C6 /* Debug */ = {
			isa = XCBuildConfiguration;
			buildSettings = {
				ASSETCATALOG_COMPILER_APPICON_NAME = AppIcon;
				ASSETCATALOG_COMPILER_GLOBAL_ACCENT_COLOR_NAME = AccentColor;
				CODE_SIGN_ENTITLEMENTS = AccessibilityStrategyTestApp/AccessibilityStrategyTestApp.entitlements;
				CODE_SIGN_STYLE = Automatic;
				COMBINE_HIDPI_IMAGES = YES;
				DEVELOPMENT_ASSET_PATHS = "\"AccessibilityStrategyTestApp/Preview Content\"";
				DEVELOPMENT_TEAM = ZX49WKA8QN;
				ENABLE_HARDENED_RUNTIME = YES;
				ENABLE_PREVIEWS = YES;
				INFOPLIST_FILE = AccessibilityStrategyTestApp/Info.plist;
				LD_RUNPATH_SEARCH_PATHS = (
					"$(inherited)",
					"@executable_path/../Frameworks",
				);
				MACOSX_DEPLOYMENT_TARGET = 11.0;
				PRODUCT_BUNDLE_IDENTIFIER = mo.com.sleeplessmind.AccessibilityStrategyTestApp;
				PRODUCT_NAME = "$(TARGET_NAME)";
				SWIFT_VERSION = 5.0;
			};
			name = Debug;
		};
		91F951D926DFF56D00DC26C6 /* Release */ = {
			isa = XCBuildConfiguration;
			buildSettings = {
				ASSETCATALOG_COMPILER_APPICON_NAME = AppIcon;
				ASSETCATALOG_COMPILER_GLOBAL_ACCENT_COLOR_NAME = AccentColor;
				CODE_SIGN_ENTITLEMENTS = AccessibilityStrategyTestApp/AccessibilityStrategyTestApp.entitlements;
				CODE_SIGN_STYLE = Automatic;
				COMBINE_HIDPI_IMAGES = YES;
				DEVELOPMENT_ASSET_PATHS = "\"AccessibilityStrategyTestApp/Preview Content\"";
				DEVELOPMENT_TEAM = ZX49WKA8QN;
				ENABLE_HARDENED_RUNTIME = YES;
				ENABLE_PREVIEWS = YES;
				INFOPLIST_FILE = AccessibilityStrategyTestApp/Info.plist;
				LD_RUNPATH_SEARCH_PATHS = (
					"$(inherited)",
					"@executable_path/../Frameworks",
				);
				MACOSX_DEPLOYMENT_TARGET = 11.0;
				PRODUCT_BUNDLE_IDENTIFIER = mo.com.sleeplessmind.AccessibilityStrategyTestApp;
				PRODUCT_NAME = "$(TARGET_NAME)";
				SWIFT_VERSION = 5.0;
			};
			name = Release;
		};
		91F951DB26DFF56D00DC26C6 /* Debug */ = {
			isa = XCBuildConfiguration;
			buildSettings = {
				ALWAYS_EMBED_SWIFT_STANDARD_LIBRARIES = YES;
				BUNDLE_LOADER = "$(TEST_HOST)";
				CODE_SIGN_STYLE = Automatic;
				COMBINE_HIDPI_IMAGES = YES;
				DEVELOPMENT_TEAM = ZX49WKA8QN;
				INFOPLIST_FILE = AccessibilityStrategyTestAppTests/Info.plist;
				LD_RUNPATH_SEARCH_PATHS = (
					"$(inherited)",
					"@executable_path/../Frameworks",
					"@loader_path/../Frameworks",
				);
				MACOSX_DEPLOYMENT_TARGET = 11.0;
				PRODUCT_BUNDLE_IDENTIFIER = mo.com.sleeplessmind.AccessibilityStrategyTestAppTests;
				PRODUCT_NAME = "$(TARGET_NAME)";
				SWIFT_VERSION = 5.0;
				TEST_HOST = "$(BUILT_PRODUCTS_DIR)/AccessibilityStrategyTestApp.app/Contents/MacOS/AccessibilityStrategyTestApp";
			};
			name = Debug;
		};
		91F951DC26DFF56D00DC26C6 /* Release */ = {
			isa = XCBuildConfiguration;
			buildSettings = {
				ALWAYS_EMBED_SWIFT_STANDARD_LIBRARIES = YES;
				BUNDLE_LOADER = "$(TEST_HOST)";
				CODE_SIGN_STYLE = Automatic;
				COMBINE_HIDPI_IMAGES = YES;
				DEVELOPMENT_TEAM = ZX49WKA8QN;
				INFOPLIST_FILE = AccessibilityStrategyTestAppTests/Info.plist;
				LD_RUNPATH_SEARCH_PATHS = (
					"$(inherited)",
					"@executable_path/../Frameworks",
					"@loader_path/../Frameworks",
				);
				MACOSX_DEPLOYMENT_TARGET = 11.0;
				PRODUCT_BUNDLE_IDENTIFIER = mo.com.sleeplessmind.AccessibilityStrategyTestAppTests;
				PRODUCT_NAME = "$(TARGET_NAME)";
				SWIFT_VERSION = 5.0;
				TEST_HOST = "$(BUILT_PRODUCTS_DIR)/AccessibilityStrategyTestApp.app/Contents/MacOS/AccessibilityStrategyTestApp";
			};
			name = Release;
		};
		91F951DE26DFF56D00DC26C6 /* Debug */ = {
			isa = XCBuildConfiguration;
			buildSettings = {
				ALWAYS_EMBED_SWIFT_STANDARD_LIBRARIES = YES;
				CODE_SIGN_STYLE = Automatic;
				COMBINE_HIDPI_IMAGES = YES;
				DEVELOPMENT_TEAM = ZX49WKA8QN;
				INFOPLIST_FILE = AccessibilityStrategyTestAppUITests/Info.plist;
				LD_RUNPATH_SEARCH_PATHS = (
					"$(inherited)",
					"@executable_path/../Frameworks",
					"@loader_path/../Frameworks",
				);
				PRODUCT_BUNDLE_IDENTIFIER = mo.com.sleeplessmind.AccessibilityStrategyTestAppUITests;
				PRODUCT_NAME = "$(TARGET_NAME)";
				SWIFT_VERSION = 5.0;
				TEST_TARGET_NAME = AccessibilityStrategyTestApp;
			};
			name = Debug;
		};
		91F951DF26DFF56D00DC26C6 /* Release */ = {
			isa = XCBuildConfiguration;
			buildSettings = {
				ALWAYS_EMBED_SWIFT_STANDARD_LIBRARIES = YES;
				CODE_SIGN_STYLE = Automatic;
				COMBINE_HIDPI_IMAGES = YES;
				DEVELOPMENT_TEAM = ZX49WKA8QN;
				INFOPLIST_FILE = AccessibilityStrategyTestAppUITests/Info.plist;
				LD_RUNPATH_SEARCH_PATHS = (
					"$(inherited)",
					"@executable_path/../Frameworks",
					"@loader_path/../Frameworks",
				);
				PRODUCT_BUNDLE_IDENTIFIER = mo.com.sleeplessmind.AccessibilityStrategyTestAppUITests;
				PRODUCT_NAME = "$(TARGET_NAME)";
				SWIFT_VERSION = 5.0;
				TEST_TARGET_NAME = AccessibilityStrategyTestApp;
			};
			name = Release;
		};
/* End XCBuildConfiguration section */

/* Begin XCConfigurationList section */
		91F951AC26DFF56C00DC26C6 /* Build configuration list for PBXProject "AccessibilityStrategyTestApp" */ = {
			isa = XCConfigurationList;
			buildConfigurations = (
				91F951D526DFF56D00DC26C6 /* Debug */,
				91F951D626DFF56D00DC26C6 /* Release */,
			);
			defaultConfigurationIsVisible = 0;
			defaultConfigurationName = Release;
		};
		91F951D726DFF56D00DC26C6 /* Build configuration list for PBXNativeTarget "AccessibilityStrategyTestApp" */ = {
			isa = XCConfigurationList;
			buildConfigurations = (
				91F951D826DFF56D00DC26C6 /* Debug */,
				91F951D926DFF56D00DC26C6 /* Release */,
			);
			defaultConfigurationIsVisible = 0;
			defaultConfigurationName = Release;
		};
		91F951DA26DFF56D00DC26C6 /* Build configuration list for PBXNativeTarget "AccessibilityStrategyTestAppTests" */ = {
			isa = XCConfigurationList;
			buildConfigurations = (
				91F951DB26DFF56D00DC26C6 /* Debug */,
				91F951DC26DFF56D00DC26C6 /* Release */,
			);
			defaultConfigurationIsVisible = 0;
			defaultConfigurationName = Release;
		};
		91F951DD26DFF56D00DC26C6 /* Build configuration list for PBXNativeTarget "AccessibilityStrategyTestAppUITests" */ = {
			isa = XCConfigurationList;
			buildConfigurations = (
				91F951DE26DFF56D00DC26C6 /* Debug */,
				91F951DF26DFF56D00DC26C6 /* Release */,
			);
			defaultConfigurationIsVisible = 0;
			defaultConfigurationName = Release;
		};
/* End XCConfigurationList section */
	};
	rootObject = 91F951A926DFF56C00DC26C6 /* Project object */;
}
