{
  "originHash" : "e5d9e4bc283345db0615baa26054717bda177731bf683804755e6fdee1feb79d",
  "pins" : [
    {
      "identity" : "accessibilitystrategy",
      "kind" : "remoteSourceControl",
      "location" : "git@github.com:godbout/AccessibilityStrategy.git",
      "state" : {
        "revision" : "6a034380e0c84eea7ee35b7a8e5378c7d2386901",
        "version" : "10.2.0"
      }
    },
    {
      "identity" : "axengine",
      "kind" : "remoteSourceControl",
      "location" : "git@github.com:godbout/AXEngine.git",
      "state" : {
        "revision" : "afd11ac5b6b8bf63f183af7e1a8bf90f9f6754d0",
        "version" : "6.0.0"
      }
    },
    {
      "identity" : "common",
      "kind" : "remoteSourceControl",
      "location" : "git@github.com:godbout/Common.git",
      "state" : {
        "revision" : "f0f0d38c44bbdb8b4cda7d2ba6795f74b2e3855f",
        "version" : "3.1.0"
      }
    },
    {
      "identity" : "keycombination",
      "kind" : "remoteSourceControl",
      "location" : "git@github.com:godbout/KeyCombination.git",
      "state" : {
        "revision" : "fc168dbf0520011d6993b28f16ea7cabeb5cac57",
        "version" : "3.0.0"
      }
    },
    {
      "identity" : "sauce",
      "kind" : "remoteSourceControl",
      "location" : "git@github.com:Clipy/Sauce.git",
      "state" : {
        "revision" : "df657bc1beba23ffd580953f183cd756b5bcd514",
        "version" : "2.4.1"
      }
    }
  ],
  "version" : 3
}
