{
  "pins" : [
    {
      "identity" : "accessibilitystrategy",
      "kind" : "remoteSourceControl",
      "location" : "git@github.com:godbout/AccessibilityStrategy.git",
      "state" : {
        "revision" : "50bb318c7c03abb30e3f32d14ddb380c390a73b7",
        "version" : "6.19.0"
      }
    },
    {
      "identity" : "axengine",
      "kind" : "remoteSourceControl",
      "location" : "git@github.com:godbout/AXEngine.git",
      "state" : {
        "revision" : "be9f5087a07d272944f045f0c7e48359325a56d4",
        "version" : "2.5.0"
      }
    },
    {
      "identity" : "common",
      "kind" : "remoteSourceControl",
      "location" : "git@github.com:godbout/Common.git",
      "state" : {
        "revision" : "2d8fabd523275e546bbf196e256e8d7d7c0ad537",
        "version" : "2.0.0"
      }
    },
    {
      "identity" : "keycombination",
      "kind" : "remoteSourceControl",
      "location" : "git@github.com:godbout/KeyCombination.git",
      "state" : {
        "revision" : "ac2b6592fbaf95ac2536cbd02029f394f8d16138",
        "version" : "1.3.0"
      }
    },
    {
      "identity" : "sauce",
      "kind" : "remoteSourceControl",
      "location" : "git@github.com:Clipy/Sauce.git",
      "state" : {
        "revision" : "88bd02d8069e4db1a03202d029c80bb0e5a61800",
        "version" : "2.3.0"
      }
    }
  ],
  "version" : 2
}
