{
  "originHash" : "e5d9e4bc283345db0615baa26054717bda177731bf683804755e6fdee1feb79d",
  "pins" : [
    {
      "identity" : "accessibilitystrategy",
      "kind" : "remoteSourceControl",
      "location" : "git@github.com:godbout/AccessibilityStrategy.git",
      "state" : {
        "revision" : "71fe801725609e635e86094fb5dfaabc79e2cbce",
        "version" : "8.2.0"
      }
    },
    {
      "identity" : "axengine",
      "kind" : "remoteSourceControl",
      "location" : "git@github.com:godbout/AXEngine.git",
      "state" : {
        "revision" : "fc2fd4112eb8c71b1f97876189b7826902d806b9",
        "version" : "4.0.0"
      }
    },
    {
      "identity" : "common",
      "kind" : "remoteSourceControl",
      "location" : "git@github.com:godbout/Common.git",
      "state" : {
        "revision" : "f0f0d38c44bbdb8b4cda7d2ba6795f74b2e3855f",
        "version" : "3.1.0"
      }
    },
    {
      "identity" : "keycombination",
      "kind" : "remoteSourceControl",
      "location" : "git@github.com:godbout/KeyCombination.git",
      "state" : {
        "revision" : "b39593882c4076e6dec46be1228a540eecc41549",
        "version" : "2.0.0"
      }
    },
    {
      "identity" : "sauce",
      "kind" : "remoteSourceControl",
      "location" : "git@github.com:Clipy/Sauce.git",
      "state" : {
        "revision" : "df657bc1beba23ffd580953f183cd756b5bcd514",
        "version" : "2.4.1"
      }
    }
  ],
  "version" : 3
}
